<Solution>
  <Project Path="Facebook_copy/Facebook_copy.csproj" Id="ec3748a4-0da5-4b1d-a3c9-776862b4a17a" />
  <Project Path="SocialNetworkPlatform/SocialNetworkPlatform.csproj" />
  <Project Path="SocialPlatformLibrary/SocialPlatformLibrary.csproj" Id="0a76cc08-b046-4454-bc00-4c67dd6831a2" />
</Solution>
